
Microsoft Visual Studio Solution File, Format Version 12.00
# Visual Studio Version 16
VisualStudioVersion = 16.0.29230.47
MinimumVisualStudioVersion = 10.0.40219.1
Project("{FAE04EC0-301F-11D3-BF4B-00C04F79EFBC}") = "Blog.DataAccessLayer", "Blog.DataAccessLayer\Blog.DataAccessLayer.csproj", "{EAD17199-0443-405F-972F-1B6C4122CE11}"
EndProject
Project("{FAE04EC0-301F-11D3-BF4B-00C04F79EFBC}") = "Blog.Entities", "Blog.Entities\Blog.Entities.csproj", "{0D160BB8-0202-4CC6-95B8-773B29C72DEA}"
EndProject
Global
	GlobalSection(SolutionConfigurationPlatforms) = preSolution
		Debug|Any CPU = Debug|Any CPU
		Release|Any CPU = Release|Any CPU
	EndGlobalSection
	GlobalSection(ProjectConfigurationPlatforms) = postSolution
		{EAD17199-0443-405F-972F-1B6C4122CE11}.Debug|Any CPU.ActiveCfg = Debug|Any CPU
		{EAD17199-0443-405F-972F-1B6C4122CE11}.Debug|Any CPU.Build.0 = Debug|Any CPU
		{EAD17199-0443-405F-972F-1B6C4122CE11}.Release|Any CPU.ActiveCfg = Release|Any CPU
		{EAD17199-0443-405F-972F-1B6C4122CE11}.Release|Any CPU.Build.0 = Release|Any CPU
		{0D160BB8-0202-4CC6-95B8-773B29C72DEA}.Debug|Any CPU.ActiveCfg = Debug|Any CPU
		{0D160BB8-0202-4CC6-95B8-773B29C72DEA}.Debug|Any CPU.Build.0 = Debug|Any CPU
		{0D160BB8-0202-4CC6-95B8-773B29C72DEA}.Release|Any CPU.ActiveCfg = Release|Any CPU
		{0D160BB8-0202-4CC6-95B8-773B29C72DEA}.Release|Any CPU.Build.0 = Release|Any CPU
	EndGlobalSection
	GlobalSection(SolutionProperties) = preSolution
		HideSolutionNode = FALSE
	EndGlobalSection
	GlobalSection(ExtensibilityGlobals) = postSolution
		SolutionGuid = {7E65F10F-81A0-455B-8B2C-D027341908E5}
	EndGlobalSection
EndGlobal
